
Microsoft Visual Studio Solution File, Format Version 12.00
# Visual Studio Version 17
VisualStudioVersion = 17.1.32210.238
MinimumVisualStudioVersion = 10.0.40219.1
Project("{9A19103F-16F7-4668-BE54-9A1E7A4F7556}") = "PTZ", "PTZ.csproj", "{817E9601-FFBA-498B-BE50-8439ACF1B254}"
EndProject
Global
	GlobalSection(SolutionConfigurationPlatforms) = preSolution
		Debug|Any CPU = Debug|Any CPU
		Release|Any CPU = Release|Any CPU
	EndGlobalSection
	GlobalSection(ProjectConfigurationPlatforms) = postSolution
		{817E9601-FFBA-498B-BE50-8439ACF1B254}.Debug|Any CPU.ActiveCfg = Debug|Any CPU
		{817E9601-FFBA-498B-BE50-8439ACF1B254}.Debug|Any CPU.Build.0 = Debug|Any CPU
		{817E9601-FFBA-498B-BE50-8439ACF1B254}.Release|Any CPU.ActiveCfg = Release|Any CPU
		{817E9601-FFBA-498B-BE50-8439ACF1B254}.Release|Any CPU.Build.0 = Release|Any CPU
	EndGlobalSection
	GlobalSection(SolutionProperties) = preSolution
		HideSolutionNode = FALSE
	EndGlobalSection
	GlobalSection(ExtensibilityGlobals) = postSolution
		SolutionGuid = {A387D26B-27DE-4C83-994D-16F31FE685B7}
	EndGlobalSection
EndGlobal
